// !$*UTF8*$!
{
	archiveVersion = 1;
	classes = {
	};
	objectVersion = 50;
	objects = {

/* Begin PBXBuildFile section */
		8F6243772528178900159242 /* AppDelegate.m in Sources */ = {isa = PBXBuildFile; fileRef = 8F6243762528178900159242 /* AppDelegate.m */; };
		8F62437D2528178900159242 /* ViewController.m in Sources */ = {isa = PBXBuildFile; fileRef = 8F62437C2528178900159242 /* ViewController.m */; };
		8F6243802528178900159242 /* Main.storyboard in Resources */ = {isa = PBXBuildFile; fileRef = 8F62437E2528178900159242 /* Main.storyboard */; };
		8F6243822528178C00159242 /* Assets.xcassets in Resources */ = {isa = PBXBuildFile; fileRef = 8F6243812528178C00159242 /* Assets.xcassets */; };
		8F6243852528178C00159242 /* LaunchScreen.storyboard in Resources */ = {isa = PBXBuildFile; fileRef = 8F6243832528178C00159242 /* LaunchScreen.storyboard */; };
		8F6243882528178C00159242 /* main.m in Sources */ = {isa = PBXBuildFile; fileRef = 8F6243872528178C00159242 /* main.m */; };
		8F62439825281A8800159242 /* ObjectAdapter.m in Sources */ = {isa = PBXBuildFile; fileRef = 8F62439725281A8800159242 /* ObjectAdapter.m */; };
		8F62439E25281AB100159242 /* AdapteeUSD.m in Sources */ = {isa = PBXBuildFile; fileRef = 8F62439D25281AB100159242 /* AdapteeUSD.m */; };
		8F6243A425281AE800159242 /* AdapterCNY.m in Sources */ = {isa = PBXBuildFile; fileRef = 8F6243A325281AE800159242 /* AdapterCNY.m */; };
		8F6243EF252821B500159242 /* 对象适配器模式.png in Resources */ = {isa = PBXBuildFile; fileRef = 8F6243EE252821B500159242 /* 对象适配器模式.png */; };
		8F6243F3252821C500159242 /* 类适配器模式.png in Resources */ = {isa = PBXBuildFile; fileRef = 8F6243F2252821C500159242 /* 类适配器模式.png */; };
		8F6243F6252821CC00159242 /* 将美元转换成人民币.png in Resources */ = {isa = PBXBuildFile; fileRef = 8F6243F5252821CC00159242 /* 将美元转换成人民币.png */; };
/* End PBXBuildFile section */

/* Begin PBXFileReference section */
		8F6243722528178900159242 /* AdapterCNY.app */ = {isa = PBXFileReference; explicitFileType = wrapper.application; includeInIndex = 0; path = AdapterCNY.app; sourceTree = BUILT_PRODUCTS_DIR; };
		8F6243752528178900159242 /* AppDelegate.h */ = {isa = PBXFileReference; lastKnownFileType = sourcecode.c.h; path = AppDelegate.h; sourceTree = "<group>"; };
		8F6243762528178900159242 /* AppDelegate.m */ = {isa = PBXFileReference; lastKnownFileType = sourcecode.c.objc; path = AppDelegate.m; sourceTree = "<group>"; };
		8F62437B2528178900159242 /* ViewController.h */ = {isa = PBXFileReference; lastKnownFileType = sourcecode.c.h; path = ViewController.h; sourceTree = "<group>"; };
		8F62437C2528178900159242 /* ViewController.m */ = {isa = PBXFileReference; lastKnownFileType = sourcecode.c.objc; path = ViewController.m; sourceTree = "<group>"; };
		8F62437F2528178900159242 /* Base */ = {isa = PBXFileReference; lastKnownFileType = file.storyboard; name = Base; path = Base.lproj/Main.storyboard; sourceTree = "<group>"; };
		8F6243812528178C00159242 /* Assets.xcassets */ = {isa = PBXFileReference; lastKnownFileType = folder.assetcatalog; path = Assets.xcassets; sourceTree = "<group>"; };
		8F6243842528178C00159242 /* Base */ = {isa = PBXFileReference; lastKnownFileType = file.storyboard; name = Base; path = Base.lproj/LaunchScreen.storyboard; sourceTree = "<group>"; };
		8F6243862528178C00159242 /* Info.plist */ = {isa = PBXFileReference; lastKnownFileType = text.plist.xml; path = Info.plist; sourceTree = "<group>"; };
		8F6243872528178C00159242 /* main.m */ = {isa = PBXFileReference; lastKnownFileType = sourcecode.c.objc; path = main.m; sourceTree = "<group>"; };
		8F62439625281A8800159242 /* ObjectAdapter.h */ = {isa = PBXFileReference; lastKnownFileType = sourcecode.c.h; path = ObjectAdapter.h; sourceTree = "<group>"; };
		8F62439725281A8800159242 /* ObjectAdapter.m */ = {isa = PBXFileReference; lastKnownFileType = sourcecode.c.objc; path = ObjectAdapter.m; sourceTree = "<group>"; };
		8F62439C25281AB100159242 /* AdapteeUSD.h */ = {isa = PBXFileReference; lastKnownFileType = sourcecode.c.h; path = AdapteeUSD.h; sourceTree = "<group>"; };
		8F62439D25281AB100159242 /* AdapteeUSD.m */ = {isa = PBXFileReference; lastKnownFileType = sourcecode.c.objc; path = AdapteeUSD.m; sourceTree = "<group>"; };
		8F6243A125281AD200159242 /* TargetCNYProtocol.h */ = {isa = PBXFileReference; lastKnownFileType = sourcecode.c.h; path = TargetCNYProtocol.h; sourceTree = "<group>"; };
		8F6243A225281AE800159242 /* AdapterCNY.h */ = {isa = PBXFileReference; lastKnownFileType = sourcecode.c.h; path = AdapterCNY.h; sourceTree = "<group>"; };
		8F6243A325281AE800159242 /* AdapterCNY.m */ = {isa = PBXFileReference; lastKnownFileType = sourcecode.c.objc; path = AdapterCNY.m; sourceTree = "<group>"; };
		8F6243EE252821B500159242 /* 对象适配器模式.png */ = {isa = PBXFileReference; lastKnownFileType = image.png; path = "对象适配器模式.png"; sourceTree = "<group>"; };
		8F6243F2252821C500159242 /* 类适配器模式.png */ = {isa = PBXFileReference; lastKnownFileType = image.png; path = "类适配器模式.png"; sourceTree = "<group>"; };
		8F6243F5252821CC00159242 /* 将美元转换成人民币.png */ = {isa = PBXFileReference; lastKnownFileType = image.png; path = "将美元转换成人民币.png"; sourceTree = "<group>"; };
/* End PBXFileReference section */

/* Begin PBXFrameworksBuildPhase section */
		8F62436F2528178900159242 /* Frameworks */ = {
			isa = PBXFrameworksBuildPhase;
			buildActionMask = 2147483647;
			files = (
			);
			runOnlyForDeploymentPostprocessing = 0;
		};
/* End PBXFrameworksBuildPhase section */

/* Begin PBXGroup section */
		8F6243692528178900159242 = {
			isa = PBXGroup;
			children = (
				8F6243742528178900159242 /* AdapterCNY */,
				8F6243732528178900159242 /* Products */,
			);
			sourceTree = "<group>";
		};
		8F6243732528178900159242 /* Products */ = {
			isa = PBXGroup;
			children = (
				8F6243722528178900159242 /* AdapterCNY.app */,
			);
			name = Products;
			sourceTree = "<group>";
		};
		8F6243742528178900159242 /* AdapterCNY */ = {
			isa = PBXGroup;
			children = (
				8F6243EE252821B500159242 /* 对象适配器模式.png */,
				8F6243F2252821C500159242 /* 类适配器模式.png */,
				8F6243F5252821CC00159242 /* 将美元转换成人民币.png */,
				8F6243752528178900159242 /* AppDelegate.h */,
				8F6243762528178900159242 /* AppDelegate.m */,
				8F62437B2528178900159242 /* ViewController.h */,
				8F62437C2528178900159242 /* ViewController.m */,
				8F62439B25281AA100159242 /* 适配器 */,
				8F62437E2528178900159242 /* Main.storyboard */,
				8F6243812528178C00159242 /* Assets.xcassets */,
				8F6243832528178C00159242 /* LaunchScreen.storyboard */,
				8F6243862528178C00159242 /* Info.plist */,
				8F6243872528178C00159242 /* main.m */,
			);
			path = AdapterCNY;
			sourceTree = "<group>";
		};
		8F62439525281A7C00159242 /* 对象适配器 */ = {
			isa = PBXGroup;
			children = (
				8F62439625281A8800159242 /* ObjectAdapter.h */,
				8F62439725281A8800159242 /* ObjectAdapter.m */,
			);
			path = "对象适配器";
			sourceTree = "<group>";
		};
		8F62439B25281AA100159242 /* 适配器 */ = {
			isa = PBXGroup;
			children = (
				8F62439C25281AB100159242 /* AdapteeUSD.h */,
				8F62439D25281AB100159242 /* AdapteeUSD.m */,
				8F6243F82528225F00159242 /* 协议 */,
				8F6243F92528227700159242 /* 类适配器 */,
				8F62439525281A7C00159242 /* 对象适配器 */,
			);
			path = "适配器";
			sourceTree = "<group>";
		};
		8F6243F82528225F00159242 /* 协议 */ = {
			isa = PBXGroup;
			children = (
				8F6243A125281AD200159242 /* TargetCNYProtocol.h */,
			);
			path = "协议";
			sourceTree = "<group>";
		};
		8F6243F92528227700159242 /* 类适配器 */ = {
			isa = PBXGroup;
			children = (
				8F6243A225281AE800159242 /* AdapterCNY.h */,
				8F6243A325281AE800159242 /* AdapterCNY.m */,
			);
			path = "类适配器";
			sourceTree = "<group>";
		};
/* End PBXGroup section */

/* Begin PBXNativeTarget section */
		8F6243712528178900159242 /* AdapterCNY */ = {
			isa = PBXNativeTarget;
			buildConfigurationList = 8F62438B2528178C00159242 /* Build configuration list for PBXNativeTarget "AdapterCNY" */;
			buildPhases = (
				8F62436E2528178900159242 /* Sources */,
				8F62436F2528178900159242 /* Frameworks */,
				8F6243702528178900159242 /* Resources */,
			);
			buildRules = (
			);
			dependencies = (
			);
			name = AdapterCNY;
			productName = AdapterCNY;
			productReference = 8F6243722528178900159242 /* AdapterCNY.app */;
			productType = "com.apple.product-type.application";
		};
/* End PBXNativeTarget section */

/* Begin PBXProject section */
		8F62436A2528178900159242 /* Project object */ = {
			isa = PBXProject;
			attributes = {
				LastUpgradeCheck = 1200;
				TargetAttributes = {
					8F6243712528178900159242 = {
						CreatedOnToolsVersion = 12.0;
					};
				};
			};
			buildConfigurationList = 8F62436D2528178900159242 /* Build configuration list for PBXProject "AdapterCNY" */;
			compatibilityVersion = "Xcode 9.3";
			developmentRegion = en;
			hasScannedForEncodings = 0;
			knownRegions = (
				en,
				Base,
			);
			mainGroup = 8F6243692528178900159242;
			productRefGroup = 8F6243732528178900159242 /* Products */;
			projectDirPath = "";
			projectRoot = "";
			targets = (
				8F6243712528178900159242 /* AdapterCNY */,
			);
		};
/* End PBXProject section */

/* Begin PBXResourcesBuildPhase section */
		8F6243702528178900159242 /* Resources */ = {
			isa = PBXResourcesBuildPhase;
			buildActionMask = 2147483647;
			files = (
				8F6243852528178C00159242 /* LaunchScreen.storyboard in Resources */,
				8F6243822528178C00159242 /* Assets.xcassets in Resources */,
				8F6243F3252821C500159242 /* 类适配器模式.png in Resources */,
				8F6243F6252821CC00159242 /* 将美元转换成人民币.png in Resources */,
				8F6243802528178900159242 /* Main.storyboard in Resources */,
				8F6243EF252821B500159242 /* 对象适配器模式.png in Resources */,
			);
			runOnlyForDeploymentPostprocessing = 0;
		};
/* End PBXResourcesBuildPhase section */

/* Begin PBXSourcesBuildPhase section */
		8F62436E2528178900159242 /* Sources */ = {
			isa = PBXSourcesBuildPhase;
			buildActionMask = 2147483647;
			files = (
				8F6243A425281AE800159242 /* AdapterCNY.m in Sources */,
				8F62437D2528178900159242 /* ViewController.m in Sources */,
				8F6243772528178900159242 /* AppDelegate.m in Sources */,
				8F62439825281A8800159242 /* ObjectAdapter.m in Sources */,
				8F62439E25281AB100159242 /* AdapteeUSD.m in Sources */,
				8F6243882528178C00159242 /* main.m in Sources */,
			);
			runOnlyForDeploymentPostprocessing = 0;
		};
/* End PBXSourcesBuildPhase section */

/* Begin PBXVariantGroup section */
		8F62437E2528178900159242 /* Main.storyboard */ = {
			isa = PBXVariantGroup;
			children = (
				8F62437F2528178900159242 /* Base */,
			);
			name = Main.storyboard;
			sourceTree = "<group>";
		};
		8F6243832528178C00159242 /* LaunchScreen.storyboard */ = {
			isa = PBXVariantGroup;
			children = (
				8F6243842528178C00159242 /* Base */,
			);
			name = LaunchScreen.storyboard;
			sourceTree = "<group>";
		};
/* End PBXVariantGroup section */

/* Begin XCBuildConfiguration section */
		8F6243892528178C00159242 /* Debug */ = {
			isa = XCBuildConfiguration;
			buildSettings = {
				ALWAYS_SEARCH_USER_PATHS = NO;
				CLANG_ANALYZER_NONNULL = YES;
				CLANG_ANALYZER_NUMBER_OBJECT_CONVERSION = YES_AGGRESSIVE;
				CLANG_CXX_LANGUAGE_STANDARD = "gnu++14";
				CLANG_CXX_LIBRARY = "libc++";
				CLANG_ENABLE_MODULES = YES;
				CLANG_ENABLE_OBJC_ARC = YES;
				CLANG_ENABLE_OBJC_WEAK = YES;
				CLANG_WARN_BLOCK_CAPTURE_AUTORELEASING = YES;
				CLANG_WARN_BOOL_CONVERSION = YES;
				CLANG_WARN_COMMA = YES;
				CLANG_WARN_CONSTANT_CONVERSION = YES;
				CLANG_WARN_DEPRECATED_OBJC_IMPLEMENTATIONS = YES;
				CLANG_WARN_DIRECT_OBJC_ISA_USAGE = YES_ERROR;
				CLANG_WARN_DOCUMENTATION_COMMENTS = YES;
				CLANG_WARN_EMPTY_BODY = YES;
				CLANG_WARN_ENUM_CONVERSION = YES;
				CLANG_WARN_INFINITE_RECURSION = YES;
				CLANG_WARN_INT_CONVERSION = YES;
				CLANG_WARN_NON_LITERAL_NULL_CONVERSION = YES;
				CLANG_WARN_OBJC_IMPLICIT_RETAIN_SELF = YES;
				CLANG_WARN_OBJC_LITERAL_CONVERSION = YES;
				CLANG_WARN_OBJC_ROOT_CLASS = YES_ERROR;
				CLANG_WARN_QUOTED_INCLUDE_IN_FRAMEWORK_HEADER = YES;
				CLANG_WARN_RANGE_LOOP_ANALYSIS = YES;
				CLANG_WARN_STRICT_PROTOTYPES = YES;
				CLANG_WARN_SUSPICIOUS_MOVE = YES;
				CLANG_WARN_UNGUARDED_AVAILABILITY = YES_AGGRESSIVE;
				CLANG_WARN_UNREACHABLE_CODE = YES;
				CLANG_WARN__DUPLICATE_METHOD_MATCH = YES;
				COPY_PHASE_STRIP = NO;
				DEBUG_INFORMATION_FORMAT = dwarf;
				ENABLE_STRICT_OBJC_MSGSEND = YES;
				ENABLE_TESTABILITY = YES;
				GCC_C_LANGUAGE_STANDARD = gnu11;
				GCC_DYNAMIC_NO_PIC = NO;
				GCC_NO_COMMON_BLOCKS = YES;
				GCC_OPTIMIZATION_LEVEL = 0;
				GCC_PREPROCESSOR_DEFINITIONS = (
					"DEBUG=1",
					"$(inherited)",
				);
				GCC_WARN_64_TO_32_BIT_CONVERSION = YES;
				GCC_WARN_ABOUT_RETURN_TYPE = YES_ERROR;
				GCC_WARN_UNDECLARED_SELECTOR = YES;
				GCC_WARN_UNINITIALIZED_AUTOS = YES_AGGRESSIVE;
				GCC_WARN_UNUSED_FUNCTION = YES;
				GCC_WARN_UNUSED_VARIABLE = YES;
				IPHONEOS_DEPLOYMENT_TARGET = 14.0;
				MTL_ENABLE_DEBUG_INFO = INCLUDE_SOURCE;
				MTL_FAST_MATH = YES;
				ONLY_ACTIVE_ARCH = YES;
				SDKROOT = iphoneos;
			};
			name = Debug;
		};
		8F62438A2528178C00159242 /* Release */ = {
			isa = XCBuildConfiguration;
			buildSettings = {
				ALWAYS_SEARCH_USER_PATHS = NO;
				CLANG_ANALYZER_NONNULL = YES;
				CLANG_ANALYZER_NUMBER_OBJECT_CONVERSION = YES_AGGRESSIVE;
				CLANG_CXX_LANGUAGE_STANDARD = "gnu++14";
				CLANG_CXX_LIBRARY = "libc++";
				CLANG_ENABLE_MODULES = YES;
				CLANG_ENABLE_OBJC_ARC = YES;
				CLANG_ENABLE_OBJC_WEAK = YES;
				CLANG_WARN_BLOCK_CAPTURE_AUTORELEASING = YES;
				CLANG_WARN_BOOL_CONVERSION = YES;
				CLANG_WARN_COMMA = YES;
				CLANG_WARN_CONSTANT_CONVERSION = YES;
				CLANG_WARN_DEPRECATED_OBJC_IMPLEMENTATIONS = YES;
				CLANG_WARN_DIRECT_OBJC_ISA_USAGE = YES_ERROR;
				CLANG_WARN_DOCUMENTATION_COMMENTS = YES;
				CLANG_WARN_EMPTY_BODY = YES;
				CLANG_WARN_ENUM_CONVERSION = YES;
				CLANG_WARN_INFINITE_RECURSION = YES;
				CLANG_WARN_INT_CONVERSION = YES;
				CLANG_WARN_NON_LITERAL_NULL_CONVERSION = YES;
				CLANG_WARN_OBJC_IMPLICIT_RETAIN_SELF = YES;
				CLANG_WARN_OBJC_LITERAL_CONVERSION = YES;
				CLANG_WARN_OBJC_ROOT_CLASS = YES_ERROR;
				CLANG_WARN_QUOTED_INCLUDE_IN_FRAMEWORK_HEADER = YES;
				CLANG_WARN_RANGE_LOOP_ANALYSIS = YES;
				CLANG_WARN_STRICT_PROTOTYPES = YES;
				CLANG_WARN_SUSPICIOUS_MOVE = YES;
				CLANG_WARN_UNGUARDED_AVAILABILITY = YES_AGGRESSIVE;
				CLANG_WARN_UNREACHABLE_CODE = YES;
				CLANG_WARN__DUPLICATE_METHOD_MATCH = YES;
				COPY_PHASE_STRIP = NO;
				DEBUG_INFORMATION_FORMAT = "dwarf-with-dsym";
				ENABLE_NS_ASSERTIONS = NO;
				ENABLE_STRICT_OBJC_MSGSEND = YES;
				GCC_C_LANGUAGE_STANDARD = gnu11;
				GCC_NO_COMMON_BLOCKS = YES;
				GCC_WARN_64_TO_32_BIT_CONVERSION = YES;
				GCC_WARN_ABOUT_RETURN_TYPE = YES_ERROR;
				GCC_WARN_UNDECLARED_SELECTOR = YES;
				GCC_WARN_UNINITIALIZED_AUTOS = YES_AGGRESSIVE;
				GCC_WARN_UNUSED_FUNCTION = YES;
				GCC_WARN_UNUSED_VARIABLE = YES;
				IPHONEOS_DEPLOYMENT_TARGET = 14.0;
				MTL_ENABLE_DEBUG_INFO = NO;
				MTL_FAST_MATH = YES;
				SDKROOT = iphoneos;
				VALIDATE_PRODUCT = YES;
			};
			name = Release;
		};
		8F62438C2528178C00159242 /* Debug */ = {
			isa = XCBuildConfiguration;
			buildSettings = {
				ASSETCATALOG_COMPILER_APPICON_NAME = AppIcon;
				ASSETCATALOG_COMPILER_GLOBAL_ACCENT_COLOR_NAME = AccentColor;
				CODE_SIGN_STYLE = Automatic;
				INFOPLIST_FILE = AdapterCNY/Info.plist;
				LD_RUNPATH_SEARCH_PATHS = (
					"$(inherited)",
					"@executable_path/Frameworks",
				);
				PRODUCT_BUNDLE_IDENTIFIER = alange.AdapterCNY;
				PRODUCT_NAME = "$(TARGET_NAME)";
				TARGETED_DEVICE_FAMILY = "1,2";
			};
			name = Debug;
		};
		8F62438D2528178C00159242 /* Release */ = {
			isa = XCBuildConfiguration;
			buildSettings = {
				ASSETCATALOG_COMPILER_APPICON_NAME = AppIcon;
				ASSETCATALOG_COMPILER_GLOBAL_ACCENT_COLOR_NAME = AccentColor;
				CODE_SIGN_STYLE = Automatic;
				INFOPLIST_FILE = AdapterCNY/Info.plist;
				LD_RUNPATH_SEARCH_PATHS = (
					"$(inherited)",
					"@executable_path/Frameworks",
				);
				PRODUCT_BUNDLE_IDENTIFIER = alange.AdapterCNY;
				PRODUCT_NAME = "$(TARGET_NAME)";
				TARGETED_DEVICE_FAMILY = "1,2";
			};
			name = Release;
		};
/* End XCBuildConfiguration section */

/* Begin XCConfigurationList section */
		8F62436D2528178900159242 /* Build configuration list for PBXProject "AdapterCNY" */ = {
			isa = XCConfigurationList;
			buildConfigurations = (
				8F6243892528178C00159242 /* Debug */,
				8F62438A2528178C00159242 /* Release */,
			);
			defaultConfigurationIsVisible = 0;
			defaultConfigurationName = Release;
		};
		8F62438B2528178C00159242 /* Build configuration list for PBXNativeTarget "AdapterCNY" */ = {
			isa = XCConfigurationList;
			buildConfigurations = (
				8F62438C2528178C00159242 /* Debug */,
				8F62438D2528178C00159242 /* Release */,
			);
			defaultConfigurationIsVisible = 0;
			defaultConfigurationName = Release;
		};
/* End XCConfigurationList section */
	};
	rootObject = 8F62436A2528178900159242 /* Project object */;
}
